<?xml version="1.0" encoding="utf-8"?>
<Project ToolsVersion="4.0" xmlns="http://schemas.microsoft.com/developer/msbuild/2003">
  <ItemGroup>
    <Filter Include="Source Files">
      <UniqueIdentifier>{4FC737F1-C7A5-4376-A066-2A32D752A2FF}</UniqueIdentifier>
      <Extensions>cpp;c;cc;cxx;c++;def;odl;idl;hpj;bat;asm;asmx</Extensions>
    </Filter>
    <Filter Include="Header Files">
      <UniqueIdentifier>{93995380-89BD-4b04-88EB-625FBE52EBFB}</UniqueIdentifier>
      <Extensions>h;hh;hpp;hxx;h++;hm;inl;inc;ipp;xsd</Extensions>
    </Filter>
    <Filter Include="Resource Files">
      <UniqueIdentifier>{67DA6AB6-F800-4c08-8B7A-83BB121AAD01}</UniqueIdentifier>
      <Extensions>rc;ico;cur;bmp;dlg;rc2;rct;bin;rgs;gif;jpg;jpeg;jpe;resx;tiff;tif;png;wav;mfcribbon-ms</Extensions>
    </Filter>
    <Filter Include="Header Files\Entities">
      <UniqueIdentifier>{416f9b41-2d95-43d1-99a0-e42ca2e48d2d}</UniqueIdentifier>
    </Filter>
    <Filter Include="Header Files\GameStates">
      <UniqueIdentifier>{28df50fb-5302-4ac9-b982-6ef763337b2d}</UniqueIdentifier>
    </Filter>
    <Filter Include="Header Files\Misc">
      <UniqueIdentifier>{8d74fcc9-8067-45be-a5d2-bd6ecb0ae699}</UniqueIdentifier>
    </Filter>
    <Filter Include="Header Files\Wrappers">
      <UniqueIdentifier>{08e24883-f0e8-4bc9-891f-0bda20a745ed}</UniqueIdentifier>
    </Filter>
    <Filter Include="Header Files\Mapping">
      <UniqueIdentifier>{57fc8bd5-f0be-4981-9509-28d5f30a28e1}</UniqueIdentifier>
    </Filter>
    <Filter Include="Source Files\Entities">
      <UniqueIdentifier>{fb729994-54dc-4872-8af7-8d2e77b23542}</UniqueIdentifier>
    </Filter>
    <Filter Include="Source Files\GameStates">
      <UniqueIdentifier>{016275d9-0547-4908-8353-63dced39e146}</UniqueIdentifier>
    </Filter>
    <Filter Include="Source Files\Mapping">
      <UniqueIdentifier>{c3979485-0f30-4831-b852-7d2daa3c2160}</UniqueIdentifier>
    </Filter>
    <Filter Include="Source Files\Misc">
      <UniqueIdentifier>{f93f1f32-e2ec-4a6f-974c-4d86df7746c7}</UniqueIdentifier>
    </Filter>
    <Filter Include="Source Files\Wrappers">
      <UniqueIdentifier>{fab0efad-5055-4690-b653-2a2130dc0aa2}</UniqueIdentifier>
    </Filter>
  </ItemGroup>
  <ItemGroup>
    <ClCompile Include="source\Entities\GameObject.cpp">
      <Filter>Source Files\Entities</Filter>
    </ClCompile>
    <ClCompile Include="source\Entities\GameObjectManager.cpp">
      <Filter>Source Files\Entities</Filter>
    </ClCompile>
    <ClCompile Include="source\Entities\TextureObject.cpp">
      <Filter>Source Files\Entities</Filter>
    </ClCompile>
    <ClCompile Include="source\GameStates\GameState.cpp">
      <Filter>Source Files\GameStates</Filter>
    </ClCompile>
    <ClCompile Include="source\GameStates\SControls.cpp">
      <Filter>Source Files\GameStates</Filter>
    </ClCompile>
    <ClCompile Include="source\GameStates\SGameOver.cpp">
      <Filter>Source Files\GameStates</Filter>
    </ClCompile>
    <ClCompile Include="source\GameStates\SMainMenu.cpp">
      <Filter>Source Files\GameStates</Filter>
    </ClCompile>
    <ClCompile Include="source\GameStates\SPaused.cpp">
      <Filter>Source Files\GameStates</Filter>
    </ClCompile>
    <ClCompile Include="source\GameStates\SPlayGame.cpp">
      <Filter>Source Files\GameStates</Filter>
    </ClCompile>
    <ClCompile Include="source\GameStates\SQuit.cpp">
      <Filter>Source Files\GameStates</Filter>
    </ClCompile>
    <ClCompile Include="source\GameStates\SSettings.cpp">
      <Filter>Source Files\GameStates</Filter>
    </ClCompile>
    <ClCompile Include="source\GameStates\StateMachine.cpp">
      <Filter>Source Files\GameStates</Filter>
    </ClCompile>
    <ClCompile Include="source\Mapping\Camera.cpp">
      <Filter>Source Files\Mapping</Filter>
    </ClCompile>
    <ClCompile Include="source\Misc\Collider.cpp">
      <Filter>Source Files\Misc</Filter>
    </ClCompile>
    <ClCompile Include="source\Misc\Constants.cpp">
      <Filter>Source Files\Misc</Filter>
    </ClCompile>
    <ClCompile Include="source\Misc\GlobalObjects.cpp">
      <Filter>Source Files\Misc</Filter>
    </ClCompile>
    <ClCompile Include="source\Misc\MenuButton.cpp">
      <Filter>Source Files\Misc</Filter>
    </ClCompile>
    <ClCompile Include="source\Misc\Random.cpp">
      <Filter>Source Files\Misc</Filter>
    </ClCompile>
    <ClCompile Include="source\Misc\SoundEffect.cpp">
      <Filter>Source Files\Misc</Filter>
    </ClCompile>
    <ClCompile Include="source\Wrappers\WTexture.cpp">
      <Filter>Source Files\Wrappers</Filter>
    </ClCompile>
    <ClCompile Include="source\Wrappers\WTimer.cpp">
      <Filter>Source Files\Wrappers</Filter>
    </ClCompile>
    <ClCompile Include="source\Wrappers\WWindow.cpp">
      <Filter>Source Files\Wrappers</Filter>
    </ClCompile>
    <ClCompile Include="source\Game.cpp">
      <Filter>Source Files</Filter>
    </ClCompile>
    <ClCompile Include="source\main.cpp">
      <Filter>Source Files</Filter>
    </ClCompile>
    <ClCompile Include="source\Misc\GameOfLife.cpp">
      <Filter>Source Files\Misc</Filter>
    </ClCompile>
  </ItemGroup>
  <ItemGroup>
    <ClInclude Include="source\Entities\GameObject.h">
      <Filter>Header Files\Entities</Filter>
    </ClInclude>
    <ClInclude Include="source\Entities\GameObjectManager.h">
      <Filter>Header Files\Entities</Filter>
    </ClInclude>
    <ClInclude Include="source\Entities\TextureObject.h">
      <Filter>Header Files\Entities</Filter>
    </ClInclude>
    <ClInclude Include="source\GameStates\GameState.h">
      <Filter>Header Files\GameStates</Filter>
    </ClInclude>
    <ClInclude Include="source\GameStates\SControls.h">
      <Filter>Header Files\GameStates</Filter>
    </ClInclude>
    <ClInclude Include="source\GameStates\SGameOver.h">
      <Filter>Header Files\GameStates</Filter>
    </ClInclude>
    <ClInclude Include="source\GameStates\SMainMenu.h">
      <Filter>Header Files\GameStates</Filter>
    </ClInclude>
    <ClInclude Include="source\GameStates\SPaused.h">
      <Filter>Header Files\GameStates</Filter>
    </ClInclude>
    <ClInclude Include="source\GameStates\SPlayGame.h">
      <Filter>Header Files\GameStates</Filter>
    </ClInclude>
    <ClInclude Include="source\GameStates\SQuit.h">
      <Filter>Header Files\GameStates</Filter>
    </ClInclude>
    <ClInclude Include="source\GameStates\SSettings.h">
      <Filter>Header Files\GameStates</Filter>
    </ClInclude>
    <ClInclude Include="source\GameStates\StateMachine.h">
      <Filter>Header Files\GameStates</Filter>
    </ClInclude>
    <ClInclude Include="source\Mapping\Camera.h">
      <Filter>Header Files\Mapping</Filter>
    </ClInclude>
    <ClInclude Include="source\Misc\Collider.h">
      <Filter>Header Files\Misc</Filter>
    </ClInclude>
    <ClInclude Include="source\Misc\Constants.h">
      <Filter>Header Files\Misc</Filter>
    </ClInclude>
    <ClInclude Include="source\Misc\GlobalObjects.h">
      <Filter>Header Files\Misc</Filter>
    </ClInclude>
    <ClInclude Include="source\Misc\MenuButton.h">
      <Filter>Header Files\Misc</Filter>
    </ClInclude>
    <ClInclude Include="source\Misc\Random.h">
      <Filter>Header Files\Misc</Filter>
    </ClInclude>
    <ClInclude Include="source\Misc\SoundEffect.h">
      <Filter>Header Files\Misc</Filter>
    </ClInclude>
    <ClInclude Include="source\Misc\Vector2D.h">
      <Filter>Header Files\Misc</Filter>
    </ClInclude>
    <ClInclude Include="source\Wrappers\WTexture.h">
      <Filter>Header Files\Wrappers</Filter>
    </ClInclude>
    <ClInclude Include="source\Wrappers\WTimer.h">
      <Filter>Header Files\Wrappers</Filter>
    </ClInclude>
    <ClInclude Include="source\Wrappers\WWindow.h">
      <Filter>Header Files\Wrappers</Filter>
    </ClInclude>
    <ClInclude Include="source\Game.h">
      <Filter>Header Files</Filter>
    </ClInclude>
    <ClInclude Include="source\Misc\GameOfLife.h">
      <Filter>Header Files\Misc</Filter>
    </ClInclude>
  </ItemGroup>
</Project>